{
    "_readme": [
        "This file locks the dependencies of your project to a known state",
        "Read more about it at https://getcomposer.org/doc/01-basic-usage.md#installing-dependencies",
        "This file is @generated automatically"
    ],
    "content-hash": "06fb5653de22d7ebfd0dab88e9c8a059",
    "packages": [
        {
            "name": "greenter/xmldsig",
            "version": "v5.0.3",
            "source": {
                "type": "git",
                "url": "https://github.com/thegreenter/xmldsig.git",
                "reference": "98df1580228cff6c5f02a451ac162d00d384848e"
            },
            "dist": {
                "type": "zip",
                "url": "https://api.github.com/repos/thegreenter/xmldsig/zipball/98df1580228cff6c5f02a451ac162d00d384848e",
                "reference": "98df1580228cff6c5f02a451ac162d00d384848e",
                "shasum": ""
            },
            "require": {
                "ext-dom": "*",
                "ext-openssl": "*",
                "php": ">=5.5.9"
            },
            "type": "library",
            "autoload": {
                "psr-4": {
                    "Greenter\\XMLSecLibs\\": "src"
                }
            },
            "notification-url": "https://packagist.org/downloads/",
            "license": [
                "BSD-2-Clause"
            ],
            "description": "Libreria para firmar XML según normativa de SUNAT en Facturación Electrónica",
            "homepage": "https://github.com/thegreenter/xmldsig",
            "keywords": [
                "security",
                "signature",
                "sunat",
                "xml",
                "xmldsig"
            ],
            "time": "2020-07-31T04:45:22+00:00"
        },
        {
            "name": "robrichards/xmlseclibs",
            "version": "3.1.1",
            "source": {
                "type": "git",
                "url": "https://github.com/robrichards/xmlseclibs.git",
                "reference": "f8f19e58f26cdb42c54b214ff8a820760292f8df"
            },
            "dist": {
                "type": "zip",
                "url": "https://api.github.com/repos/robrichards/xmlseclibs/zipball/f8f19e58f26cdb42c54b214ff8a820760292f8df",
                "reference": "f8f19e58f26cdb42c54b214ff8a820760292f8df",
                "shasum": ""
            },
            "require": {
                "ext-openssl": "*",
                "php": ">= 5.4"
            },
            "type": "library",
            "autoload": {
                "psr-4": {
                    "RobRichards\\XMLSecLibs\\": "src"
                }
            },
            "notification-url": "https://packagist.org/downloads/",
            "license": [
                "BSD-3-Clause"
            ],
            "description": "A PHP library for XML Security",
            "homepage": "https://github.com/robrichards/xmlseclibs",
            "keywords": [
                "security",
                "signature",
                "xml",
                "xmldsig"
            ],
            "time": "2020-09-05T13:00:25+00:00"
        },
        {
            "name": "selective/xmldsig",
            "version": "2.4.0",
            "source": {
                "type": "git",
                "url": "https://github.com/selective-php/xmldsig.git",
                "reference": "3440e972d114ae0f03d4f0150649788fcbc77b12"
            },
            "dist": {
                "type": "zip",
                "url": "https://api.github.com/repos/selective-php/xmldsig/zipball/3440e972d114ae0f03d4f0150649788fcbc77b12",
                "reference": "3440e972d114ae0f03d4f0150649788fcbc77b12",
                "shasum": ""
            },
            "require": {
                "ext-dom": "*",
                "ext-openssl": "*",
                "php": "^7.4 || ^8.0"
            },
            "require-dev": {
                "friendsofphp/php-cs-fixer": "^3",
                "overtrue/phplint": "^2.3",
                "phpcompatibility/php-compatibility": "^9.3",
                "phpstan/phpstan": "^1",
                "phpunit/phpunit": "^8 || ^9",
                "squizlabs/php_codesniffer": "^3"
            },
            "type": "library",
            "autoload": {
                "psr-4": {
                    "Selective\\XmlDSig\\": "src/"
                }
            },
            "notification-url": "https://packagist.org/downloads/",
            "license": [
                "MIT"
            ],
            "description": "Sign XML Documents with Digital Signatures",
            "homepage": "https://github.com/selective-php/xmldsig",
            "keywords": [
                "signatures",
                "verify",
                "xml",
                "xmldsig"
            ],
            "abandoned": "robrichards/xmlseclibs",
            "time": "2022-01-04T10:45:51+00:00"
        }
    ],
    "packages-dev": [],
    "aliases": [],
    "minimum-stability": "stable",
    "stability-flags": [],
    "prefer-stable": false,
    "prefer-lowest": false,
    "platform": [],
    "platform-dev": [],
    "plugin-api-version": "1.1.0"
}
